<Solution>
  <Configurations>
    <Platform Name="Any CPU" />
    <Platform Name="x64" />
    <Platform Name="x86" />
  </Configurations>
  <Folder Name="/Solution Items/">
    <File Path=".editorconfig" />
    <File Path=".template.config/template.json" />
    <File Path="CleanArchitecture.nuspec" />
    <File Path="Directory.Build.props" />
    <File Path="Directory.Packages.props" />
  </Folder>
  <Folder Name="/src/">
    <Project Path="src/FinFlow.Core/FinFlow.Core.csproj" />
    <Project Path="src/FinFlow.Infrastructure/FinFlow.Infrastructure.csproj" />
    <Project Path="src/FinFlow.UseCases/FinFlow.UseCases.csproj" />
    <Project Path="src/FinFlow.Web/FinFlow.Web.csproj" />
  </Folder>
  <Folder Name="/src/_aspire/">
    <Project Path="src/FinFlow.AspireHost/FinFlow.AspireHost.csproj" />
    <Project Path="src/FinFlow.ServiceDefaults/FinFlow.ServiceDefaults.csproj" />
  </Folder>
  <Folder Name="/tests/">
    <Project Path="tests/FinFlow.FunctionalTests/FinFlow.FunctionalTests.csproj">
      <BuildDependency Project="src/FinFlow.Web/FinFlow.Web.csproj" />
    </Project>
    <Project Path="tests/FinFlow.IntegrationTests/FinFlow.IntegrationTests.csproj">
      <BuildDependency Project="src/FinFlow.Infrastructure/FinFlow.Infrastructure.csproj" />
    </Project>
    <Project Path="tests/FinFlow.UnitTests/FinFlow.UnitTests.csproj" />
  </Folder>
</Solution>
